github.com/aws/aws-sdk-go-v2 v1.41.4 h1:10f50G7WyU02T56ox1wWXq+zTX9I1zxG46HYuG1hH/k=
github.com/aws/aws-sdk-go-v2 v1.41.4/go.mod h1:mwsPRE8ceUUpiTgF7QmQIJ7lgsKUPQOUl3o72QBrE1o=
github.com/aws/aws-sdk-go-v2/feature/dynamodb/attributevalue v1.15.22 h1:p2LDiYhvM9mMExEY1meHMAmjmVlzD1J1jVG+fGut+mE=
github.com/aws/aws-sdk-go-v2/feature/dynamodb/attributevalue v1.15.22/go.mod h1:fo5T2fYMHVF2rHrym50h7Ue/+SECRJlUHUFZLjSX18g=
github.com/aws/aws-sdk-go-v2/feature/dynamodb/expression v1.7.57 h1:5Pkmgr/HIgteZAXGHln1Y1X7wpI9+fyLe7T88utRRPk=
github.com/aws/aws-sdk-go-v2/feature/dynamodb/expression v1.7.57/go.mod h1:bCsUt9VsF1M4bb3ZKnpq88rvvq/XxtBJSt6/QUZzIKU=
github.com/aws/aws-sdk-go-v2/internal/configsources v1.4.20 h1:CNXO7mvgThFGqOFgbNAP2nol2qAWBOGfqR/7tQlvLmc=
github.com/aws/aws-sdk-go-v2/internal/configsources v1.4.20/go.mod h1:oydPDJKcfMhgfcgBUZaG+toBbwy8yPWubJXBVERtI4o=
github.com/aws/aws-sdk-go-v2/internal/endpoints/v2 v2.7.20 h1:tN6W/hg+pkM+tf9XDkWUbDEjGLb+raoBMFsTodcoYKw=
github.com/aws/aws-sdk-go-v2/internal/endpoints/v2 v2.7.20/go.mod h1:YJ898MhD067hSHA6xYCx5ts/jEd8BSOLtQDL3iZsvbc=
github.com/aws/aws-sdk-go-v2/service/dynamodb v1.57.0 h1:lQmHdyl1ZzNxImTGMkzPTnXEYGd16GaiNU61J02gt5w=
github.com/aws/aws-sdk-go-v2/service/dynamodb v1.57.0/go.mod h1:dLREOeW66eVaaGIOi2ZlLHDgkR3nuJ02rd00j0YSlBE=
github.com/aws/aws-sdk-go-v2/service/dynamodbstreams v1.24.10 h1:aWEbNPNdGiTGSR6/Yy9S0Ad07sMVaT/CFaVq7GuDGx4=
github.com/aws/aws-sdk-go-v2/service/dynamodbstreams v1.24.10/go.mod h1:HywkMgYwY0uaybPvvctx6fkm3L1ssRKeGv7TPZ6OQ/M=
github.com/aws/aws-sdk-go-v2/service/internal/accept-encoding v1.13.7 h1:5EniKhLZe4xzL7a+fU3C2tfUN4nWIqlLesfrjkuPFTY=
github.com/aws/aws-sdk-go-v2/service/internal/accept-encoding v1.13.7/go.mod h1:x0nZssQ3qZSnIcePWLvcoFisRXJzcTVvYpAAdYX8+GI=
github.com/aws/aws-sdk-go-v2/service/internal/endpoint-discovery v1.11.20 h1:ru+seMuylHiNZlvgZei83eD8h37hRjm1XIMOEmcV0BU=
github.com/aws/aws-sdk-go-v2/service/internal/endpoint-discovery v1.11.20/go.mod h1:ihZMtPTKoX/ugQRHbui6zNdSgVYN1KY2Dgwb2d3hXlc=
github.com/aws/smithy-go v1.24.2 h1:FzA3bu/nt/vDvmnkg+R8Xl46gmzEDam6mZ1hzmwXFng=
github.com/aws/smithy-go v1.24.2/go.mod h1:YE2RhdIuDbA5E5bTdciG9KrW3+TiEONeUWCqxX9i1Fc=
github.com/nisimpson/sift v0.1.0 h1:6Dx91jqGHMDC5UjiEDy/zYwhjmlicICswUroekzxqmA=
github.com/nisimpson/sift v0.1.0/go.mod h1:fF+q1+WVILgejIjUW8Fdd87yBEaLC4qWXr+YBZ0HbTA=
