github.com/aws/aws-sdk-go-v2 v1.41.5 h1:dj5kopbwUsVUVFgO4Fi5BIT3t4WyqIDjGKCangnV/yY=
github.com/aws/aws-sdk-go-v2 v1.41.5/go.mod h1:mwsPRE8ceUUpiTgF7QmQIJ7lgsKUPQOUl3o72QBrE1o=
github.com/aws/aws-sdk-go-v2/feature/dynamodb/attributevalue v1.15.22 h1:p2LDiYhvM9mMExEY1meHMAmjmVlzD1J1jVG+fGut+mE=
github.com/aws/aws-sdk-go-v2/feature/dynamodb/attributevalue v1.15.22/go.mod h1:fo5T2fYMHVF2rHrym50h7Ue/+SECRJlUHUFZLjSX18g=
github.com/aws/aws-sdk-go-v2/feature/dynamodb/expression v1.7.57 h1:5Pkmgr/HIgteZAXGHln1Y1X7wpI9+fyLe7T88utRRPk=
github.com/aws/aws-sdk-go-v2/feature/dynamodb/expression v1.7.57/go.mod h1:bCsUt9VsF1M4bb3ZKnpq88rvvq/XxtBJSt6/QUZzIKU=
github.com/aws/aws-sdk-go-v2/internal/configsources v1.4.21 h1:Rgg6wvjjtX8bNHcvi9OnXWwcE0a2vGpbwmtICOsvcf4=
github.com/aws/aws-sdk-go-v2/internal/configsources v1.4.21/go.mod h1:A/kJFst/nm//cyqonihbdpQZwiUhhzpqTsdbhDdRF9c=
github.com/aws/aws-sdk-go-v2/internal/endpoints/v2 v2.7.21 h1:PEgGVtPoB6NTpPrBgqSE5hE/o47Ij9qk/SEZFbUOe9A=
github.com/aws/aws-sdk-go-v2/internal/endpoints/v2 v2.7.21/go.mod h1:p+hz+PRAYlY3zcpJhPwXlLC4C+kqn70WIHwnzAfs6ps=
github.com/aws/aws-sdk-go-v2/service/dynamodb v1.57.1 h1:Vk+a1j2pXZHkkYqHmEdpwe8eX6NDtFSBGfzuauMEWYQ=
github.com/aws/aws-sdk-go-v2/service/dynamodb v1.57.1/go.mod h1:wHrWCwhXZrl2PuCP5t36UTacy9fCHDJ+vw1r3qxTL5M=
github.com/aws/aws-sdk-go-v2/service/dynamodbstreams v1.24.10 h1:aWEbNPNdGiTGSR6/Yy9S0Ad07sMVaT/CFaVq7GuDGx4=
github.com/aws/aws-sdk-go-v2/service/dynamodbstreams v1.24.10/go.mod h1:HywkMgYwY0uaybPvvctx6fkm3L1ssRKeGv7TPZ6OQ/M=
github.com/aws/aws-sdk-go-v2/service/internal/accept-encoding v1.13.7 h1:5EniKhLZe4xzL7a+fU3C2tfUN4nWIqlLesfrjkuPFTY=
github.com/aws/aws-sdk-go-v2/service/internal/accept-encoding v1.13.7/go.mod h1:x0nZssQ3qZSnIcePWLvcoFisRXJzcTVvYpAAdYX8+GI=
github.com/aws/aws-sdk-go-v2/service/internal/endpoint-discovery v1.11.21 h1:FTg+rVAPx1W21jsO57pxDS1ESy9a/JLFoaHeFubflJA=
github.com/aws/aws-sdk-go-v2/service/internal/endpoint-discovery v1.11.21/go.mod h1:92xP4VIS1yO3eF2NPBaHGF4cmyZow8TmFzSaz1nNgzo=
github.com/aws/smithy-go v1.24.2 h1:FzA3bu/nt/vDvmnkg+R8Xl46gmzEDam6mZ1hzmwXFng=
github.com/aws/smithy-go v1.24.2/go.mod h1:YE2RhdIuDbA5E5bTdciG9KrW3+TiEONeUWCqxX9i1Fc=
github.com/nisimpson/sift v0.1.0 h1:6Dx91jqGHMDC5UjiEDy/zYwhjmlicICswUroekzxqmA=
github.com/nisimpson/sift v0.1.0/go.mod h1:fF+q1+WVILgejIjUW8Fdd87yBEaLC4qWXr+YBZ0HbTA=
